# This file is autogenerated, do not edit; changes may be undone by the next 'dep ensure'.


[[projects]]
  branch = "master"
  name = "github.com/d3sw/go-owf"
  packages = ["resolver"]
  revision = "8981a4efb5c5cf3b8cadb557e31ec126a5ab12ee"

[[projects]]
  branch = "master"
  name = "github.com/miekg/dns"
  packages = [".","internal/socket"]
  revision = "9f7460ee9cfe2867a7b42894666ebcef4cba7a5e"

[solve-meta]
  analyzer-name = "dep"
  analyzer-version = 1
  inputs-digest = "6e9821fdc2314827a06569db854c4c7ff522b763b893340bf2eec99da650b5a9"
  solver-name = "gps-cdcl"
  solver-version = 1
